// !$*UTF8*$!
{
	archiveVersion = 1;
	classes = {
	};
	objectVersion = 46;
	objects = {

/* Begin PBXBuildFile section */
		2A0C622D1C6BA62300CD1E9A /* AppDelegate.swift in Sources */ = {isa = PBXBuildFile; fileRef = 2A0C622C1C6BA62300CD1E9A /* AppDelegate.swift */; };
		2A0C622F1C6BA62300CD1E9A /* ViewController.swift in Sources */ = {isa = PBXBuildFile; fileRef = 2A0C622E1C6BA62300CD1E9A /* ViewController.swift */; };
		2A0C62321C6BA62300CD1E9A /* Main.storyboard in Resources */ = {isa = PBXBuildFile; fileRef = 2A0C62301C6BA62300CD1E9A /* Main.storyboard */; };
		2A0C62341C6BA62300CD1E9A /* Assets.xcassets in Resources */ = {isa = PBXBuildFile; fileRef = 2A0C62331C6BA62300CD1E9A /* Assets.xcassets */; };
		2A0C62371C6BA62300CD1E9A /* LaunchScreen.storyboard in Resources */ = {isa = PBXBuildFile; fileRef = 2A0C62351C6BA62300CD1E9A /* LaunchScreen.storyboard */; };
		2A0C62421C6BA62300CD1E9A /* ConstraintsIBTests.swift in Sources */ = {isa = PBXBuildFile; fileRef = 2A0C62411C6BA62300CD1E9A /* ConstraintsIBTests.swift */; };
		2A0C624D1C6BA62300CD1E9A /* ConstraintsIBUITests.swift in Sources */ = {isa = PBXBuildFile; fileRef = 2A0C624C1C6BA62300CD1E9A /* ConstraintsIBUITests.swift */; };
/* End PBXBuildFile section */

/* Begin PBXContainerItemProxy section */
		2A0C623E1C6BA62300CD1E9A /* PBXContainerItemProxy */ = {
			isa = PBXContainerItemProxy;
			containerPortal = 2A0C62211C6BA62300CD1E9A /* Project object */;
			proxyType = 1;
			remoteGlobalIDString = 2A0C62281C6BA62300CD1E9A;
			remoteInfo = ConstraintsIB;
		};
		2A0C62491C6BA62300CD1E9A /* PBXContainerItemProxy */ = {
			isa = PBXContainerItemProxy;
			containerPortal = 2A0C62211C6BA62300CD1E9A /* Project object */;
			proxyType = 1;
			remoteGlobalIDString = 2A0C62281C6BA62300CD1E9A;
			remoteInfo = ConstraintsIB;
		};
/* End PBXContainerItemProxy section */

/* Begin PBXFileReference section */
		2A0C62291C6BA62300CD1E9A /* ConstraintsIB.app */ = {isa = PBXFileReference; explicitFileType = wrapper.application; includeInIndex = 0; path = ConstraintsIB.app; sourceTree = BUILT_PRODUCTS_DIR; };
		2A0C622C1C6BA62300CD1E9A /* AppDelegate.swift */ = {isa = PBXFileReference; lastKnownFileType = sourcecode.swift; path = AppDelegate.swift; sourceTree = "<group>"; };
		2A0C622E1C6BA62300CD1E9A /* ViewController.swift */ = {isa = PBXFileReference; lastKnownFileType = sourcecode.swift; path = ViewController.swift; sourceTree = "<group>"; };
		2A0C62311C6BA62300CD1E9A /* Base */ = {isa = PBXFileReference; lastKnownFileType = file.storyboard; name = Base; path = Base.lproj/Main.storyboard; sourceTree = "<group>"; };
		2A0C62331C6BA62300CD1E9A /* Assets.xcassets */ = {isa = PBXFileReference; lastKnownFileType = folder.assetcatalog; path = Assets.xcassets; sourceTree = "<group>"; };
		2A0C62361C6BA62300CD1E9A /* Base */ = {isa = PBXFileReference; lastKnownFileType = file.storyboard; name = Base; path = Base.lproj/LaunchScreen.storyboard; sourceTree = "<group>"; };
		2A0C62381C6BA62300CD1E9A /* Info.plist */ = {isa = PBXFileReference; lastKnownFileType = text.plist.xml; path = Info.plist; sourceTree = "<group>"; };
		2A0C623D1C6BA62300CD1E9A /* ConstraintsIBTests.xctest */ = {isa = PBXFileReference; explicitFileType = wrapper.cfbundle; includeInIndex = 0; path = ConstraintsIBTests.xctest; sourceTree = BUILT_PRODUCTS_DIR; };
		2A0C62411C6BA62300CD1E9A /* ConstraintsIBTests.swift */ = {isa = PBXFileReference; lastKnownFileType = sourcecode.swift; path = ConstraintsIBTests.swift; sourceTree = "<group>"; };
		2A0C62431C6BA62300CD1E9A /* Info.plist */ = {isa = PBXFileReference; lastKnownFileType = text.plist.xml; path = Info.plist; sourceTree = "<group>"; };
		2A0C62481C6BA62300CD1E9A /* ConstraintsIBUITests.xctest */ = {isa = PBXFileReference; explicitFileType = wrapper.cfbundle; includeInIndex = 0; path = ConstraintsIBUITests.xctest; sourceTree = BUILT_PRODUCTS_DIR; };
		2A0C624C1C6BA62300CD1E9A /* ConstraintsIBUITests.swift */ = {isa = PBXFileReference; lastKnownFileType = sourcecode.swift; path = ConstraintsIBUITests.swift; sourceTree = "<group>"; };
		2A0C624E1C6BA62300CD1E9A /* Info.plist */ = {isa = PBXFileReference; lastKnownFileType = text.plist.xml; path = Info.plist; sourceTree = "<group>"; };
/* End PBXFileReference section */

/* Begin PBXFrameworksBuildPhase section */
		2A0C62261C6BA62300CD1E9A /* Frameworks */ = {
			isa = PBXFrameworksBuildPhase;
			buildActionMask = 2147483647;
			files = (
			);
			runOnlyForDeploymentPostprocessing = 0;
		};
		2A0C623A1C6BA62300CD1E9A /* Frameworks */ = {
			isa = PBXFrameworksBuildPhase;
			buildActionMask = 2147483647;
			files = (
			);
			runOnlyForDeploymentPostprocessing = 0;
		};
		2A0C62451C6BA62300CD1E9A /* Frameworks */ = {
			isa = PBXFrameworksBuildPhase;
			buildActionMask = 2147483647;
			files = (
			);
			runOnlyForDeploymentPostprocessing = 0;
		};
/* End PBXFrameworksBuildPhase section */

/* Begin PBXGroup section */
		2A0C62201C6BA62300CD1E9A = {
			isa = PBXGroup;
			children = (
				2A0C622B1C6BA62300CD1E9A /* ConstraintsIB */,
				2A0C62401C6BA62300CD1E9A /* ConstraintsIBTests */,
				2A0C624B1C6BA62300CD1E9A /* ConstraintsIBUITests */,
				2A0C622A1C6BA62300CD1E9A /* Products */,
			);
			sourceTree = "<group>";
		};
		2A0C622A1C6BA62300CD1E9A /* Products */ = {
			isa = PBXGroup;
			children = (
				2A0C62291C6BA62300CD1E9A /* ConstraintsIB.app */,
				2A0C623D1C6BA62300CD1E9A /* ConstraintsIBTests.xctest */,
				2A0C62481C6BA62300CD1E9A /* ConstraintsIBUITests.xctest */,
			);
			name = Products;
			sourceTree = "<group>";
		};
		2A0C622B1C6BA62300CD1E9A /* ConstraintsIB */ = {
			isa = PBXGroup;
			children = (
				2A0C622C1C6BA62300CD1E9A /* AppDelegate.swift */,
				2A0C622E1C6BA62300CD1E9A /* ViewController.swift */,
				2A0C62301C6BA62300CD1E9A /* Main.storyboard */,
				2A0C62331C6BA62300CD1E9A /* Assets.xcassets */,
				2A0C62351C6BA62300CD1E9A /* LaunchScreen.storyboard */,
				2A0C62381C6BA62300CD1E9A /* Info.plist */,
			);
			path = ConstraintsIB;
			sourceTree = "<group>";
		};
		2A0C62401C6BA62300CD1E9A /* ConstraintsIBTests */ = {
			isa = PBXGroup;
			children = (
				2A0C62411C6BA62300CD1E9A /* ConstraintsIBTests.swift */,
				2A0C62431C6BA62300CD1E9A /* Info.plist */,
			);
			path = ConstraintsIBTests;
			sourceTree = "<group>";
		};
		2A0C624B1C6BA62300CD1E9A /* ConstraintsIBUITests */ = {
			isa = PBXGroup;
			children = (
				2A0C624C1C6BA62300CD1E9A /* ConstraintsIBUITests.swift */,
				2A0C624E1C6BA62300CD1E9A /* Info.plist */,
			);
			path = ConstraintsIBUITests;
			sourceTree = "<group>";
		};
/* End PBXGroup section */

/* Begin PBXNativeTarget section */
		2A0C62281C6BA62300CD1E9A /* ConstraintsIB */ = {
			isa = PBXNativeTarget;
			buildConfigurationList = 2A0C62511C6BA62300CD1E9A /* Build configuration list for PBXNativeTarget "ConstraintsIB" */;
			buildPhases = (
				2A0C62251C6BA62300CD1E9A /* Sources */,
				2A0C62261C6BA62300CD1E9A /* Frameworks */,
				2A0C62271C6BA62300CD1E9A /* Resources */,
			);
			buildRules = (
			);
			dependencies = (
			);
			name = ConstraintsIB;
			productName = ConstraintsIB;
			productReference = 2A0C62291C6BA62300CD1E9A /* ConstraintsIB.app */;
			productType = "com.apple.product-type.application";
		};
		2A0C623C1C6BA62300CD1E9A /* ConstraintsIBTests */ = {
			isa = PBXNativeTarget;
			buildConfigurationList = 2A0C62541C6BA62300CD1E9A /* Build configuration list for PBXNativeTarget "ConstraintsIBTests" */;
			buildPhases = (
				2A0C62391C6BA62300CD1E9A /* Sources */,
				2A0C623A1C6BA62300CD1E9A /* Frameworks */,
				2A0C623B1C6BA62300CD1E9A /* Resources */,
			);
			buildRules = (
			);
			dependencies = (
				2A0C623F1C6BA62300CD1E9A /* PBXTargetDependency */,
			);
			name = ConstraintsIBTests;
			productName = ConstraintsIBTests;
			productReference = 2A0C623D1C6BA62300CD1E9A /* ConstraintsIBTests.xctest */;
			productType = "com.apple.product-type.bundle.unit-test";
		};
		2A0C62471C6BA62300CD1E9A /* ConstraintsIBUITests */ = {
			isa = PBXNativeTarget;
			buildConfigurationList = 2A0C62571C6BA62300CD1E9A /* Build configuration list for PBXNativeTarget "ConstraintsIBUITests" */;
			buildPhases = (
				2A0C62441C6BA62300CD1E9A /* Sources */,
				2A0C62451C6BA62300CD1E9A /* Frameworks */,
				2A0C62461C6BA62300CD1E9A /* Resources */,
			);
			buildRules = (
			);
			dependencies = (
				2A0C624A1C6BA62300CD1E9A /* PBXTargetDependency */,
			);
			name = ConstraintsIBUITests;
			productName = ConstraintsIBUITests;
			productReference = 2A0C62481C6BA62300CD1E9A /* ConstraintsIBUITests.xctest */;
			productType = "com.apple.product-type.bundle.ui-testing";
		};
/* End PBXNativeTarget section */

/* Begin PBXProject section */
		2A0C62211C6BA62300CD1E9A /* Project object */ = {
			isa = PBXProject;
			attributes = {
				LastSwiftUpdateCheck = 0720;
				LastUpgradeCheck = 0720;
				ORGANIZATIONNAME = "Luís Felipe";
				TargetAttributes = {
					2A0C62281C6BA62300CD1E9A = {
						CreatedOnToolsVersion = 7.2.1;
					};
					2A0C623C1C6BA62300CD1E9A = {
						CreatedOnToolsVersion = 7.2.1;
						TestTargetID = 2A0C62281C6BA62300CD1E9A;
					};
					2A0C62471C6BA62300CD1E9A = {
						CreatedOnToolsVersion = 7.2.1;
						TestTargetID = 2A0C62281C6BA62300CD1E9A;
					};
				};
			};
			buildConfigurationList = 2A0C62241C6BA62300CD1E9A /* Build configuration list for PBXProject "ConstraintsIB" */;
			compatibilityVersion = "Xcode 3.2";
			developmentRegion = English;
			hasScannedForEncodings = 0;
			knownRegions = (
				en,
				Base,
			);
			mainGroup = 2A0C62201C6BA62300CD1E9A;
			productRefGroup = 2A0C622A1C6BA62300CD1E9A /* Products */;
			projectDirPath = "";
			projectRoot = "";
			targets = (
				2A0C62281C6BA62300CD1E9A /* ConstraintsIB */,
				2A0C623C1C6BA62300CD1E9A /* ConstraintsIBTests */,
				2A0C62471C6BA62300CD1E9A /* ConstraintsIBUITests */,
			);
		};
/* End PBXProject section */

/* Begin PBXResourcesBuildPhase section */
		2A0C62271C6BA62300CD1E9A /* Resources */ = {
			isa = PBXResourcesBuildPhase;
			buildActionMask = 2147483647;
			files = (
				2A0C62371C6BA62300CD1E9A /* LaunchScreen.storyboard in Resources */,
				2A0C62341C6BA62300CD1E9A /* Assets.xcassets in Resources */,
				2A0C62321C6BA62300CD1E9A /* Main.storyboard in Resources */,
			);
			runOnlyForDeploymentPostprocessing = 0;
		};
		2A0C623B1C6BA62300CD1E9A /* Resources */ = {
			isa = PBXResourcesBuildPhase;
			buildActionMask = 2147483647;
			files = (
			);
			runOnlyForDeploymentPostprocessing = 0;
		};
		2A0C62461C6BA62300CD1E9A /* Resources */ = {
			isa = PBXResourcesBuildPhase;
			buildActionMask = 2147483647;
			files = (
			);
			runOnlyForDeploymentPostprocessing = 0;
		};
/* End PBXResourcesBuildPhase section */

/* Begin PBXSourcesBuildPhase section */
		2A0C62251C6BA62300CD1E9A /* Sources */ = {
			isa = PBXSourcesBuildPhase;
			buildActionMask = 2147483647;
			files = (
				2A0C622F1C6BA62300CD1E9A /* ViewController.swift in Sources */,
				2A0C622D1C6BA62300CD1E9A /* AppDelegate.swift in Sources */,
			);
			runOnlyForDeploymentPostprocessing = 0;
		};
		2A0C62391C6BA62300CD1E9A /* Sources */ = {
			isa = PBXSourcesBuildPhase;
			buildActionMask = 2147483647;
			files = (
				2A0C62421C6BA62300CD1E9A /* ConstraintsIBTests.swift in Sources */,
			);
			runOnlyForDeploymentPostprocessing = 0;
		};
		2A0C62441C6BA62300CD1E9A /* Sources */ = {
			isa = PBXSourcesBuildPhase;
			buildActionMask = 2147483647;
			files = (
				2A0C624D1C6BA62300CD1E9A /* ConstraintsIBUITests.swift in Sources */,
			);
			runOnlyForDeploymentPostprocessing = 0;
		};
/* End PBXSourcesBuildPhase section */

/* Begin PBXTargetDependency section */
		2A0C623F1C6BA62300CD1E9A /* PBXTargetDependency */ = {
			isa = PBXTargetDependency;
			target = 2A0C62281C6BA62300CD1E9A /* ConstraintsIB */;
			targetProxy = 2A0C623E1C6BA62300CD1E9A /* PBXContainerItemProxy */;
		};
		2A0C624A1C6BA62300CD1E9A /* PBXTargetDependency */ = {
			isa = PBXTargetDependency;
			target = 2A0C62281C6BA62300CD1E9A /* ConstraintsIB */;
			targetProxy = 2A0C62491C6BA62300CD1E9A /* PBXContainerItemProxy */;
		};
/* End PBXTargetDependency section */

/* Begin PBXVariantGroup section */
		2A0C62301C6BA62300CD1E9A /* Main.storyboard */ = {
			isa = PBXVariantGroup;
			children = (
				2A0C62311C6BA62300CD1E9A /* Base */,
			);
			name = Main.storyboard;
			sourceTree = "<group>";
		};
		2A0C62351C6BA62300CD1E9A /* LaunchScreen.storyboard */ = {
			isa = PBXVariantGroup;
			children = (
				2A0C62361C6BA62300CD1E9A /* Base */,
			);
			name = LaunchScreen.storyboard;
			sourceTree = "<group>";
		};
/* End PBXVariantGroup section */

/* Begin XCBuildConfiguration section */
		2A0C624F1C6BA62300CD1E9A /* Debug */ = {
			isa = XCBuildConfiguration;
			buildSettings = {
				ALWAYS_SEARCH_USER_PATHS = NO;
				CLANG_CXX_LANGUAGE_STANDARD = "gnu++0x";
				CLANG_CXX_LIBRARY = "libc++";
				CLANG_ENABLE_MODULES = YES;
				CLANG_ENABLE_OBJC_ARC = YES;
				CLANG_WARN_BOOL_CONVERSION = YES;
				CLANG_WARN_CONSTANT_CONVERSION = YES;
				CLANG_WARN_DIRECT_OBJC_ISA_USAGE = YES_ERROR;
				CLANG_WARN_EMPTY_BODY = YES;
				CLANG_WARN_ENUM_CONVERSION = YES;
				CLANG_WARN_INT_CONVERSION = YES;
				CLANG_WARN_OBJC_ROOT_CLASS = YES_ERROR;
				CLANG_WARN_UNREACHABLE_CODE = YES;
				CLANG_WARN__DUPLICATE_METHOD_MATCH = YES;
				"CODE_SIGN_IDENTITY[sdk=iphoneos*]" = "iPhone Developer";
				COPY_PHASE_STRIP = NO;
				DEBUG_INFORMATION_FORMAT = dwarf;
				ENABLE_STRICT_OBJC_MSGSEND = YES;
				ENABLE_TESTABILITY = YES;
				GCC_C_LANGUAGE_STANDARD = gnu99;
				GCC_DYNAMIC_NO_PIC = NO;
				GCC_NO_COMMON_BLOCKS = YES;
				GCC_OPTIMIZATION_LEVEL = 0;
				GCC_PREPROCESSOR_DEFINITIONS = (
					"DEBUG=1",
					"$(inherited)",
				);
				GCC_WARN_64_TO_32_BIT_CONVERSION = YES;
				GCC_WARN_ABOUT_RETURN_TYPE = YES_ERROR;
				GCC_WARN_UNDECLARED_SELECTOR = YES;
				GCC_WARN_UNINITIALIZED_AUTOS = YES_AGGRESSIVE;
				GCC_WARN_UNUSED_FUNCTION = YES;
				GCC_WARN_UNUSED_VARIABLE = YES;
				IPHONEOS_DEPLOYMENT_TARGET = 9.2;
				MTL_ENABLE_DEBUG_INFO = YES;
				ONLY_ACTIVE_ARCH = YES;
				SDKROOT = iphoneos;
				SWIFT_OPTIMIZATION_LEVEL = "-Onone";
				TARGETED_DEVICE_FAMILY = "1,2";
			};
			name = Debug;
		};
		2A0C62501C6BA62300CD1E9A /* Release */ = {
			isa = XCBuildConfiguration;
			buildSettings = {
				ALWAYS_SEARCH_USER_PATHS = NO;
				CLANG_CXX_LANGUAGE_STANDARD = "gnu++0x";
				CLANG_CXX_LIBRARY = "libc++";
				CLANG_ENABLE_MODULES = YES;
				CLANG_ENABLE_OBJC_ARC = YES;
				CLANG_WARN_BOOL_CONVERSION = YES;
				CLANG_WARN_CONSTANT_CONVERSION = YES;
				CLANG_WARN_DIRECT_OBJC_ISA_USAGE = YES_ERROR;
				CLANG_WARN_EMPTY_BODY = YES;
				CLANG_WARN_ENUM_CONVERSION = YES;
				CLANG_WARN_INT_CONVERSION = YES;
				CLANG_WARN_OBJC_ROOT_CLASS = YES_ERROR;
				CLANG_WARN_UNREACHABLE_CODE = YES;
				CLANG_WARN__DUPLICATE_METHOD_MATCH = YES;
				"CODE_SIGN_IDENTITY[sdk=iphoneos*]" = "iPhone Developer";
				COPY_PHASE_STRIP = NO;
				DEBUG_INFORMATION_FORMAT = "dwarf-with-dsym";
				ENABLE_NS_ASSERTIONS = NO;
				ENABLE_STRICT_OBJC_MSGSEND = YES;
				GCC_C_LANGUAGE_STANDARD = gnu99;
				GCC_NO_COMMON_BLOCKS = YES;
				GCC_WARN_64_TO_32_BIT_CONVERSION = YES;
				GCC_WARN_ABOUT_RETURN_TYPE = YES_ERROR;
				GCC_WARN_UNDECLARED_SELECTOR = YES;
				GCC_WARN_UNINITIALIZED_AUTOS = YES_AGGRESSIVE;
				GCC_WARN_UNUSED_FUNCTION = YES;
				GCC_WARN_UNUSED_VARIABLE = YES;
				IPHONEOS_DEPLOYMENT_TARGET = 9.2;
				MTL_ENABLE_DEBUG_INFO = NO;
				SDKROOT = iphoneos;
				TARGETED_DEVICE_FAMILY = "1,2";
				VALIDATE_PRODUCT = YES;
			};
			name = Release;
		};
		2A0C62521C6BA62300CD1E9A /* Debug */ = {
			isa = XCBuildConfiguration;
			buildSettings = {
				ASSETCATALOG_COMPILER_APPICON_NAME = AppIcon;
				INFOPLIST_FILE = ConstraintsIB/Info.plist;
				LD_RUNPATH_SEARCH_PATHS = "$(inherited) @executable_path/Frameworks";
				PRODUCT_BUNDLE_IDENTIFIER = LuisFelipe.ConstraintsIB;
				PRODUCT_NAME = "$(TARGET_NAME)";
			};
			name = Debug;
		};
		2A0C62531C6BA62300CD1E9A /* Release */ = {
			isa = XCBuildConfiguration;
			buildSettings = {
				ASSETCATALOG_COMPILER_APPICON_NAME = AppIcon;
				INFOPLIST_FILE = ConstraintsIB/Info.plist;
				LD_RUNPATH_SEARCH_PATHS = "$(inherited) @executable_path/Frameworks";
				PRODUCT_BUNDLE_IDENTIFIER = LuisFelipe.ConstraintsIB;
				PRODUCT_NAME = "$(TARGET_NAME)";
			};
			name = Release;
		};
		2A0C62551C6BA62300CD1E9A /* Debug */ = {
			isa = XCBuildConfiguration;
			buildSettings = {
				BUNDLE_LOADER = "$(TEST_HOST)";
				INFOPLIST_FILE = ConstraintsIBTests/Info.plist;
				LD_RUNPATH_SEARCH_PATHS = "$(inherited) @executable_path/Frameworks @loader_path/Frameworks";
				PRODUCT_BUNDLE_IDENTIFIER = LuisFelipe.ConstraintsIBTests;
				PRODUCT_NAME = "$(TARGET_NAME)";
				TEST_HOST = "$(BUILT_PRODUCTS_DIR)/ConstraintsIB.app/ConstraintsIB";
			};
			name = Debug;
		};
		2A0C62561C6BA62300CD1E9A /* Release */ = {
			isa = XCBuildConfiguration;
			buildSettings = {
				BUNDLE_LOADER = "$(TEST_HOST)";
				INFOPLIST_FILE = ConstraintsIBTests/Info.plist;
				LD_RUNPATH_SEARCH_PATHS = "$(inherited) @executable_path/Frameworks @loader_path/Frameworks";
				PRODUCT_BUNDLE_IDENTIFIER = LuisFelipe.ConstraintsIBTests;
				PRODUCT_NAME = "$(TARGET_NAME)";
				TEST_HOST = "$(BUILT_PRODUCTS_DIR)/ConstraintsIB.app/ConstraintsIB";
			};
			name = Release;
		};
		2A0C62581C6BA62300CD1E9A /* Debug */ = {
			isa = XCBuildConfiguration;
			buildSettings = {
				INFOPLIST_FILE = ConstraintsIBUITests/Info.plist;
				LD_RUNPATH_SEARCH_PATHS = "$(inherited) @executable_path/Frameworks @loader_path/Frameworks";
				PRODUCT_BUNDLE_IDENTIFIER = LuisFelipe.ConstraintsIBUITests;
				PRODUCT_NAME = "$(TARGET_NAME)";
				TEST_TARGET_NAME = ConstraintsIB;
				USES_XCTRUNNER = YES;
			};
			name = Debug;
		};
		2A0C62591C6BA62300CD1E9A /* Release */ = {
			isa = XCBuildConfiguration;
			buildSettings = {
				INFOPLIST_FILE = ConstraintsIBUITests/Info.plist;
				LD_RUNPATH_SEARCH_PATHS = "$(inherited) @executable_path/Frameworks @loader_path/Frameworks";
				PRODUCT_BUNDLE_IDENTIFIER = LuisFelipe.ConstraintsIBUITests;
				PRODUCT_NAME = "$(TARGET_NAME)";
				TEST_TARGET_NAME = ConstraintsIB;
				USES_XCTRUNNER = YES;
			};
			name = Release;
		};
/* End XCBuildConfiguration section */

/* Begin XCConfigurationList section */
		2A0C62241C6BA62300CD1E9A /* Build configuration list for PBXProject "ConstraintsIB" */ = {
			isa = XCConfigurationList;
			buildConfigurations = (
				2A0C624F1C6BA62300CD1E9A /* Debug */,
				2A0C62501C6BA62300CD1E9A /* Release */,
			);
			defaultConfigurationIsVisible = 0;
			defaultConfigurationName = Release;
		};
		2A0C62511C6BA62300CD1E9A /* Build configuration list for PBXNativeTarget "ConstraintsIB" */ = {
			isa = XCConfigurationList;
			buildConfigurations = (
				2A0C62521C6BA62300CD1E9A /* Debug */,
				2A0C62531C6BA62300CD1E9A /* Release */,
			);
			defaultConfigurationIsVisible = 0;
		};
		2A0C62541C6BA62300CD1E9A /* Build configuration list for PBXNativeTarget "ConstraintsIBTests" */ = {
			isa = XCConfigurationList;
			buildConfigurations = (
				2A0C62551C6BA62300CD1E9A /* Debug */,
				2A0C62561C6BA62300CD1E9A /* Release */,
			);
			defaultConfigurationIsVisible = 0;
		};
		2A0C62571C6BA62300CD1E9A /* Build configuration list for PBXNativeTarget "ConstraintsIBUITests" */ = {
			isa = XCConfigurationList;
			buildConfigurations = (
				2A0C62581C6BA62300CD1E9A /* Debug */,
				2A0C62591C6BA62300CD1E9A /* Release */,
			);
			defaultConfigurationIsVisible = 0;
		};
/* End XCConfigurationList section */
	};
	rootObject = 2A0C62211C6BA62300CD1E9A /* Project object */;
}
