// !$*UTF8*$!
{
	archiveVersion = 1;
	classes = {
	};
	objectVersion = 46;
	objects = {

/* Begin PBXBuildFile section */
		2A29AE7D1C84B644002E84D0 /* FlickrPhotosTableViewController.swift in Sources */ = {isa = PBXBuildFile; fileRef = 2A29AE7C1C84B644002E84D0 /* FlickrPhotosTableViewController.swift */; };
		2A29AE7F1C84B83A002E84D0 /* FlickrDownloader.swift in Sources */ = {isa = PBXBuildFile; fileRef = 2A29AE7E1C84B83A002E84D0 /* FlickrDownloader.swift */; };
		2AE0B1711C80C05100E32BBF /* AppDelegate.swift in Sources */ = {isa = PBXBuildFile; fileRef = 2AE0B1701C80C05100E32BBF /* AppDelegate.swift */; };
		2AE0B1731C80C05100E32BBF /* ImageViewController.swift in Sources */ = {isa = PBXBuildFile; fileRef = 2AE0B1721C80C05100E32BBF /* ImageViewController.swift */; };
		2AE0B1761C80C05100E32BBF /* Main.storyboard in Resources */ = {isa = PBXBuildFile; fileRef = 2AE0B1741C80C05100E32BBF /* Main.storyboard */; };
		2AE0B1781C80C05100E32BBF /* Assets.xcassets in Resources */ = {isa = PBXBuildFile; fileRef = 2AE0B1771C80C05100E32BBF /* Assets.xcassets */; };
		2AE0B17B1C80C05100E32BBF /* LaunchScreen.storyboard in Resources */ = {isa = PBXBuildFile; fileRef = 2AE0B1791C80C05100E32BBF /* LaunchScreen.storyboard */; };
		2AE0B1861C80C05100E32BBF /* FlickrBrowserTests.swift in Sources */ = {isa = PBXBuildFile; fileRef = 2AE0B1851C80C05100E32BBF /* FlickrBrowserTests.swift */; };
		2AE0B1911C80C05100E32BBF /* FlickrBrowserUITests.swift in Sources */ = {isa = PBXBuildFile; fileRef = 2AE0B1901C80C05100E32BBF /* FlickrBrowserUITests.swift */; };
/* End PBXBuildFile section */

/* Begin PBXContainerItemProxy section */
		2AE0B1821C80C05100E32BBF /* PBXContainerItemProxy */ = {
			isa = PBXContainerItemProxy;
			containerPortal = 2AE0B1651C80C05100E32BBF /* Project object */;
			proxyType = 1;
			remoteGlobalIDString = 2AE0B16C1C80C05100E32BBF;
			remoteInfo = FlickrBrowser;
		};
		2AE0B18D1C80C05100E32BBF /* PBXContainerItemProxy */ = {
			isa = PBXContainerItemProxy;
			containerPortal = 2AE0B1651C80C05100E32BBF /* Project object */;
			proxyType = 1;
			remoteGlobalIDString = 2AE0B16C1C80C05100E32BBF;
			remoteInfo = FlickrBrowser;
		};
/* End PBXContainerItemProxy section */

/* Begin PBXFileReference section */
		2A29AE7C1C84B644002E84D0 /* FlickrPhotosTableViewController.swift */ = {isa = PBXFileReference; fileEncoding = 4; lastKnownFileType = sourcecode.swift; path = FlickrPhotosTableViewController.swift; sourceTree = "<group>"; };
		2A29AE7E1C84B83A002E84D0 /* FlickrDownloader.swift */ = {isa = PBXFileReference; fileEncoding = 4; lastKnownFileType = sourcecode.swift; path = FlickrDownloader.swift; sourceTree = "<group>"; };
		2AE0B16D1C80C05100E32BBF /* FlickrBrowser.app */ = {isa = PBXFileReference; explicitFileType = wrapper.application; includeInIndex = 0; path = FlickrBrowser.app; sourceTree = BUILT_PRODUCTS_DIR; };
		2AE0B1701C80C05100E32BBF /* AppDelegate.swift */ = {isa = PBXFileReference; lastKnownFileType = sourcecode.swift; path = AppDelegate.swift; sourceTree = "<group>"; };
		2AE0B1721C80C05100E32BBF /* ImageViewController.swift */ = {isa = PBXFileReference; lastKnownFileType = sourcecode.swift; path = ImageViewController.swift; sourceTree = "<group>"; };
		2AE0B1751C80C05100E32BBF /* Base */ = {isa = PBXFileReference; lastKnownFileType = file.storyboard; name = Base; path = Base.lproj/Main.storyboard; sourceTree = "<group>"; };
		2AE0B1771C80C05100E32BBF /* Assets.xcassets */ = {isa = PBXFileReference; lastKnownFileType = folder.assetcatalog; path = Assets.xcassets; sourceTree = "<group>"; };
		2AE0B17A1C80C05100E32BBF /* Base */ = {isa = PBXFileReference; lastKnownFileType = file.storyboard; name = Base; path = Base.lproj/LaunchScreen.storyboard; sourceTree = "<group>"; };
		2AE0B17C1C80C05100E32BBF /* Info.plist */ = {isa = PBXFileReference; lastKnownFileType = text.plist.xml; path = Info.plist; sourceTree = "<group>"; };
		2AE0B1811C80C05100E32BBF /* FlickrBrowserTests.xctest */ = {isa = PBXFileReference; explicitFileType = wrapper.cfbundle; includeInIndex = 0; path = FlickrBrowserTests.xctest; sourceTree = BUILT_PRODUCTS_DIR; };
		2AE0B1851C80C05100E32BBF /* FlickrBrowserTests.swift */ = {isa = PBXFileReference; lastKnownFileType = sourcecode.swift; path = FlickrBrowserTests.swift; sourceTree = "<group>"; };
		2AE0B1871C80C05100E32BBF /* Info.plist */ = {isa = PBXFileReference; lastKnownFileType = text.plist.xml; path = Info.plist; sourceTree = "<group>"; };
		2AE0B18C1C80C05100E32BBF /* FlickrBrowserUITests.xctest */ = {isa = PBXFileReference; explicitFileType = wrapper.cfbundle; includeInIndex = 0; path = FlickrBrowserUITests.xctest; sourceTree = BUILT_PRODUCTS_DIR; };
		2AE0B1901C80C05100E32BBF /* FlickrBrowserUITests.swift */ = {isa = PBXFileReference; lastKnownFileType = sourcecode.swift; path = FlickrBrowserUITests.swift; sourceTree = "<group>"; };
		2AE0B1921C80C05100E32BBF /* Info.plist */ = {isa = PBXFileReference; lastKnownFileType = text.plist.xml; path = Info.plist; sourceTree = "<group>"; };
/* End PBXFileReference section */

/* Begin PBXFrameworksBuildPhase section */
		2AE0B16A1C80C05100E32BBF /* Frameworks */ = {
			isa = PBXFrameworksBuildPhase;
			buildActionMask = 2147483647;
			files = (
			);
			runOnlyForDeploymentPostprocessing = 0;
		};
		2AE0B17E1C80C05100E32BBF /* Frameworks */ = {
			isa = PBXFrameworksBuildPhase;
			buildActionMask = 2147483647;
			files = (
			);
			runOnlyForDeploymentPostprocessing = 0;
		};
		2AE0B1891C80C05100E32BBF /* Frameworks */ = {
			isa = PBXFrameworksBuildPhase;
			buildActionMask = 2147483647;
			files = (
			);
			runOnlyForDeploymentPostprocessing = 0;
		};
/* End PBXFrameworksBuildPhase section */

/* Begin PBXGroup section */
		2AE0B1641C80C05100E32BBF = {
			isa = PBXGroup;
			children = (
				2AE0B16F1C80C05100E32BBF /* FlickrBrowser */,
				2AE0B1841C80C05100E32BBF /* FlickrBrowserTests */,
				2AE0B18F1C80C05100E32BBF /* FlickrBrowserUITests */,
				2AE0B16E1C80C05100E32BBF /* Products */,
			);
			sourceTree = "<group>";
		};
		2AE0B16E1C80C05100E32BBF /* Products */ = {
			isa = PBXGroup;
			children = (
				2AE0B16D1C80C05100E32BBF /* FlickrBrowser.app */,
				2AE0B1811C80C05100E32BBF /* FlickrBrowserTests.xctest */,
				2AE0B18C1C80C05100E32BBF /* FlickrBrowserUITests.xctest */,
			);
			name = Products;
			sourceTree = "<group>";
		};
		2AE0B16F1C80C05100E32BBF /* FlickrBrowser */ = {
			isa = PBXGroup;
			children = (
				2AE0B1701C80C05100E32BBF /* AppDelegate.swift */,
				2AE0B1721C80C05100E32BBF /* ImageViewController.swift */,
				2A29AE7C1C84B644002E84D0 /* FlickrPhotosTableViewController.swift */,
				2A29AE7E1C84B83A002E84D0 /* FlickrDownloader.swift */,
				2AE0B1741C80C05100E32BBF /* Main.storyboard */,
				2AE0B1771C80C05100E32BBF /* Assets.xcassets */,
				2AE0B1791C80C05100E32BBF /* LaunchScreen.storyboard */,
				2AE0B17C1C80C05100E32BBF /* Info.plist */,
			);
			path = FlickrBrowser;
			sourceTree = "<group>";
		};
		2AE0B1841C80C05100E32BBF /* FlickrBrowserTests */ = {
			isa = PBXGroup;
			children = (
				2AE0B1851C80C05100E32BBF /* FlickrBrowserTests.swift */,
				2AE0B1871C80C05100E32BBF /* Info.plist */,
			);
			path = FlickrBrowserTests;
			sourceTree = "<group>";
		};
		2AE0B18F1C80C05100E32BBF /* FlickrBrowserUITests */ = {
			isa = PBXGroup;
			children = (
				2AE0B1901C80C05100E32BBF /* FlickrBrowserUITests.swift */,
				2AE0B1921C80C05100E32BBF /* Info.plist */,
			);
			path = FlickrBrowserUITests;
			sourceTree = "<group>";
		};
/* End PBXGroup section */

/* Begin PBXNativeTarget section */
		2AE0B16C1C80C05100E32BBF /* FlickrBrowser */ = {
			isa = PBXNativeTarget;
			buildConfigurationList = 2AE0B1951C80C05100E32BBF /* Build configuration list for PBXNativeTarget "FlickrBrowser" */;
			buildPhases = (
				2AE0B1691C80C05100E32BBF /* Sources */,
				2AE0B16A1C80C05100E32BBF /* Frameworks */,
				2AE0B16B1C80C05100E32BBF /* Resources */,
			);
			buildRules = (
			);
			dependencies = (
			);
			name = FlickrBrowser;
			productName = FlickrBrowser;
			productReference = 2AE0B16D1C80C05100E32BBF /* FlickrBrowser.app */;
			productType = "com.apple.product-type.application";
		};
		2AE0B1801C80C05100E32BBF /* FlickrBrowserTests */ = {
			isa = PBXNativeTarget;
			buildConfigurationList = 2AE0B1981C80C05100E32BBF /* Build configuration list for PBXNativeTarget "FlickrBrowserTests" */;
			buildPhases = (
				2AE0B17D1C80C05100E32BBF /* Sources */,
				2AE0B17E1C80C05100E32BBF /* Frameworks */,
				2AE0B17F1C80C05100E32BBF /* Resources */,
			);
			buildRules = (
			);
			dependencies = (
				2AE0B1831C80C05100E32BBF /* PBXTargetDependency */,
			);
			name = FlickrBrowserTests;
			productName = FlickrBrowserTests;
			productReference = 2AE0B1811C80C05100E32BBF /* FlickrBrowserTests.xctest */;
			productType = "com.apple.product-type.bundle.unit-test";
		};
		2AE0B18B1C80C05100E32BBF /* FlickrBrowserUITests */ = {
			isa = PBXNativeTarget;
			buildConfigurationList = 2AE0B19B1C80C05100E32BBF /* Build configuration list for PBXNativeTarget "FlickrBrowserUITests" */;
			buildPhases = (
				2AE0B1881C80C05100E32BBF /* Sources */,
				2AE0B1891C80C05100E32BBF /* Frameworks */,
				2AE0B18A1C80C05100E32BBF /* Resources */,
			);
			buildRules = (
			);
			dependencies = (
				2AE0B18E1C80C05100E32BBF /* PBXTargetDependency */,
			);
			name = FlickrBrowserUITests;
			productName = FlickrBrowserUITests;
			productReference = 2AE0B18C1C80C05100E32BBF /* FlickrBrowserUITests.xctest */;
			productType = "com.apple.product-type.bundle.ui-testing";
		};
/* End PBXNativeTarget section */

/* Begin PBXProject section */
		2AE0B1651C80C05100E32BBF /* Project object */ = {
			isa = PBXProject;
			attributes = {
				LastSwiftUpdateCheck = 0720;
				LastUpgradeCheck = 0720;
				ORGANIZATIONNAME = "Luís Felipe";
				TargetAttributes = {
					2AE0B16C1C80C05100E32BBF = {
						CreatedOnToolsVersion = 7.2.1;
					};
					2AE0B1801C80C05100E32BBF = {
						CreatedOnToolsVersion = 7.2.1;
						TestTargetID = 2AE0B16C1C80C05100E32BBF;
					};
					2AE0B18B1C80C05100E32BBF = {
						CreatedOnToolsVersion = 7.2.1;
						TestTargetID = 2AE0B16C1C80C05100E32BBF;
					};
				};
			};
			buildConfigurationList = 2AE0B1681C80C05100E32BBF /* Build configuration list for PBXProject "FlickrBrowser" */;
			compatibilityVersion = "Xcode 3.2";
			developmentRegion = English;
			hasScannedForEncodings = 0;
			knownRegions = (
				en,
				Base,
			);
			mainGroup = 2AE0B1641C80C05100E32BBF;
			productRefGroup = 2AE0B16E1C80C05100E32BBF /* Products */;
			projectDirPath = "";
			projectRoot = "";
			targets = (
				2AE0B16C1C80C05100E32BBF /* FlickrBrowser */,
				2AE0B1801C80C05100E32BBF /* FlickrBrowserTests */,
				2AE0B18B1C80C05100E32BBF /* FlickrBrowserUITests */,
			);
		};
/* End PBXProject section */

/* Begin PBXResourcesBuildPhase section */
		2AE0B16B1C80C05100E32BBF /* Resources */ = {
			isa = PBXResourcesBuildPhase;
			buildActionMask = 2147483647;
			files = (
				2AE0B17B1C80C05100E32BBF /* LaunchScreen.storyboard in Resources */,
				2AE0B1781C80C05100E32BBF /* Assets.xcassets in Resources */,
				2AE0B1761C80C05100E32BBF /* Main.storyboard in Resources */,
			);
			runOnlyForDeploymentPostprocessing = 0;
		};
		2AE0B17F1C80C05100E32BBF /* Resources */ = {
			isa = PBXResourcesBuildPhase;
			buildActionMask = 2147483647;
			files = (
			);
			runOnlyForDeploymentPostprocessing = 0;
		};
		2AE0B18A1C80C05100E32BBF /* Resources */ = {
			isa = PBXResourcesBuildPhase;
			buildActionMask = 2147483647;
			files = (
			);
			runOnlyForDeploymentPostprocessing = 0;
		};
/* End PBXResourcesBuildPhase section */

/* Begin PBXSourcesBuildPhase section */
		2AE0B1691C80C05100E32BBF /* Sources */ = {
			isa = PBXSourcesBuildPhase;
			buildActionMask = 2147483647;
			files = (
				2A29AE7F1C84B83A002E84D0 /* FlickrDownloader.swift in Sources */,
				2AE0B1731C80C05100E32BBF /* ImageViewController.swift in Sources */,
				2AE0B1711C80C05100E32BBF /* AppDelegate.swift in Sources */,
				2A29AE7D1C84B644002E84D0 /* FlickrPhotosTableViewController.swift in Sources */,
			);
			runOnlyForDeploymentPostprocessing = 0;
		};
		2AE0B17D1C80C05100E32BBF /* Sources */ = {
			isa = PBXSourcesBuildPhase;
			buildActionMask = 2147483647;
			files = (
				2AE0B1861C80C05100E32BBF /* FlickrBrowserTests.swift in Sources */,
			);
			runOnlyForDeploymentPostprocessing = 0;
		};
		2AE0B1881C80C05100E32BBF /* Sources */ = {
			isa = PBXSourcesBuildPhase;
			buildActionMask = 2147483647;
			files = (
				2AE0B1911C80C05100E32BBF /* FlickrBrowserUITests.swift in Sources */,
			);
			runOnlyForDeploymentPostprocessing = 0;
		};
/* End PBXSourcesBuildPhase section */

/* Begin PBXTargetDependency section */
		2AE0B1831C80C05100E32BBF /* PBXTargetDependency */ = {
			isa = PBXTargetDependency;
			target = 2AE0B16C1C80C05100E32BBF /* FlickrBrowser */;
			targetProxy = 2AE0B1821C80C05100E32BBF /* PBXContainerItemProxy */;
		};
		2AE0B18E1C80C05100E32BBF /* PBXTargetDependency */ = {
			isa = PBXTargetDependency;
			target = 2AE0B16C1C80C05100E32BBF /* FlickrBrowser */;
			targetProxy = 2AE0B18D1C80C05100E32BBF /* PBXContainerItemProxy */;
		};
/* End PBXTargetDependency section */

/* Begin PBXVariantGroup section */
		2AE0B1741C80C05100E32BBF /* Main.storyboard */ = {
			isa = PBXVariantGroup;
			children = (
				2AE0B1751C80C05100E32BBF /* Base */,
			);
			name = Main.storyboard;
			sourceTree = "<group>";
		};
		2AE0B1791C80C05100E32BBF /* LaunchScreen.storyboard */ = {
			isa = PBXVariantGroup;
			children = (
				2AE0B17A1C80C05100E32BBF /* Base */,
			);
			name = LaunchScreen.storyboard;
			sourceTree = "<group>";
		};
/* End PBXVariantGroup section */

/* Begin XCBuildConfiguration section */
		2AE0B1931C80C05100E32BBF /* Debug */ = {
			isa = XCBuildConfiguration;
			buildSettings = {
				ALWAYS_SEARCH_USER_PATHS = NO;
				CLANG_CXX_LANGUAGE_STANDARD = "gnu++0x";
				CLANG_CXX_LIBRARY = "libc++";
				CLANG_ENABLE_MODULES = YES;
				CLANG_ENABLE_OBJC_ARC = YES;
				CLANG_WARN_BOOL_CONVERSION = YES;
				CLANG_WARN_CONSTANT_CONVERSION = YES;
				CLANG_WARN_DIRECT_OBJC_ISA_USAGE = YES_ERROR;
				CLANG_WARN_EMPTY_BODY = YES;
				CLANG_WARN_ENUM_CONVERSION = YES;
				CLANG_WARN_INT_CONVERSION = YES;
				CLANG_WARN_OBJC_ROOT_CLASS = YES_ERROR;
				CLANG_WARN_UNREACHABLE_CODE = YES;
				CLANG_WARN__DUPLICATE_METHOD_MATCH = YES;
				"CODE_SIGN_IDENTITY[sdk=iphoneos*]" = "iPhone Developer";
				COPY_PHASE_STRIP = NO;
				DEBUG_INFORMATION_FORMAT = dwarf;
				ENABLE_STRICT_OBJC_MSGSEND = YES;
				ENABLE_TESTABILITY = YES;
				GCC_C_LANGUAGE_STANDARD = gnu99;
				GCC_DYNAMIC_NO_PIC = NO;
				GCC_NO_COMMON_BLOCKS = YES;
				GCC_OPTIMIZATION_LEVEL = 0;
				GCC_PREPROCESSOR_DEFINITIONS = (
					"DEBUG=1",
					"$(inherited)",
				);
				GCC_WARN_64_TO_32_BIT_CONVERSION = YES;
				GCC_WARN_ABOUT_RETURN_TYPE = YES_ERROR;
				GCC_WARN_UNDECLARED_SELECTOR = YES;
				GCC_WARN_UNINITIALIZED_AUTOS = YES_AGGRESSIVE;
				GCC_WARN_UNUSED_FUNCTION = YES;
				GCC_WARN_UNUSED_VARIABLE = YES;
				IPHONEOS_DEPLOYMENT_TARGET = 9.2;
				MTL_ENABLE_DEBUG_INFO = YES;
				ONLY_ACTIVE_ARCH = YES;
				SDKROOT = iphoneos;
				SWIFT_OPTIMIZATION_LEVEL = "-Onone";
				TARGETED_DEVICE_FAMILY = "1,2";
			};
			name = Debug;
		};
		2AE0B1941C80C05100E32BBF /* Release */ = {
			isa = XCBuildConfiguration;
			buildSettings = {
				ALWAYS_SEARCH_USER_PATHS = NO;
				CLANG_CXX_LANGUAGE_STANDARD = "gnu++0x";
				CLANG_CXX_LIBRARY = "libc++";
				CLANG_ENABLE_MODULES = YES;
				CLANG_ENABLE_OBJC_ARC = YES;
				CLANG_WARN_BOOL_CONVERSION = YES;
				CLANG_WARN_CONSTANT_CONVERSION = YES;
				CLANG_WARN_DIRECT_OBJC_ISA_USAGE = YES_ERROR;
				CLANG_WARN_EMPTY_BODY = YES;
				CLANG_WARN_ENUM_CONVERSION = YES;
				CLANG_WARN_INT_CONVERSION = YES;
				CLANG_WARN_OBJC_ROOT_CLASS = YES_ERROR;
				CLANG_WARN_UNREACHABLE_CODE = YES;
				CLANG_WARN__DUPLICATE_METHOD_MATCH = YES;
				"CODE_SIGN_IDENTITY[sdk=iphoneos*]" = "iPhone Developer";
				COPY_PHASE_STRIP = NO;
				DEBUG_INFORMATION_FORMAT = "dwarf-with-dsym";
				ENABLE_NS_ASSERTIONS = NO;
				ENABLE_STRICT_OBJC_MSGSEND = YES;
				GCC_C_LANGUAGE_STANDARD = gnu99;
				GCC_NO_COMMON_BLOCKS = YES;
				GCC_WARN_64_TO_32_BIT_CONVERSION = YES;
				GCC_WARN_ABOUT_RETURN_TYPE = YES_ERROR;
				GCC_WARN_UNDECLARED_SELECTOR = YES;
				GCC_WARN_UNINITIALIZED_AUTOS = YES_AGGRESSIVE;
				GCC_WARN_UNUSED_FUNCTION = YES;
				GCC_WARN_UNUSED_VARIABLE = YES;
				IPHONEOS_DEPLOYMENT_TARGET = 9.2;
				MTL_ENABLE_DEBUG_INFO = NO;
				SDKROOT = iphoneos;
				TARGETED_DEVICE_FAMILY = "1,2";
				VALIDATE_PRODUCT = YES;
			};
			name = Release;
		};
		2AE0B1961C80C05100E32BBF /* Debug */ = {
			isa = XCBuildConfiguration;
			buildSettings = {
				ASSETCATALOG_COMPILER_APPICON_NAME = AppIcon;
				INFOPLIST_FILE = FlickrBrowser/Info.plist;
				LD_RUNPATH_SEARCH_PATHS = "$(inherited) @executable_path/Frameworks";
				PRODUCT_BUNDLE_IDENTIFIER = LuisFelipe.FlickrBrowser;
				PRODUCT_NAME = "$(TARGET_NAME)";
			};
			name = Debug;
		};
		2AE0B1971C80C05100E32BBF /* Release */ = {
			isa = XCBuildConfiguration;
			buildSettings = {
				ASSETCATALOG_COMPILER_APPICON_NAME = AppIcon;
				INFOPLIST_FILE = FlickrBrowser/Info.plist;
				LD_RUNPATH_SEARCH_PATHS = "$(inherited) @executable_path/Frameworks";
				PRODUCT_BUNDLE_IDENTIFIER = LuisFelipe.FlickrBrowser;
				PRODUCT_NAME = "$(TARGET_NAME)";
			};
			name = Release;
		};
		2AE0B1991C80C05100E32BBF /* Debug */ = {
			isa = XCBuildConfiguration;
			buildSettings = {
				BUNDLE_LOADER = "$(TEST_HOST)";
				INFOPLIST_FILE = FlickrBrowserTests/Info.plist;
				LD_RUNPATH_SEARCH_PATHS = "$(inherited) @executable_path/Frameworks @loader_path/Frameworks";
				PRODUCT_BUNDLE_IDENTIFIER = LuisFelipe.FlickrBrowserTests;
				PRODUCT_NAME = "$(TARGET_NAME)";
				TEST_HOST = "$(BUILT_PRODUCTS_DIR)/FlickrBrowser.app/FlickrBrowser";
			};
			name = Debug;
		};
		2AE0B19A1C80C05100E32BBF /* Release */ = {
			isa = XCBuildConfiguration;
			buildSettings = {
				BUNDLE_LOADER = "$(TEST_HOST)";
				INFOPLIST_FILE = FlickrBrowserTests/Info.plist;
				LD_RUNPATH_SEARCH_PATHS = "$(inherited) @executable_path/Frameworks @loader_path/Frameworks";
				PRODUCT_BUNDLE_IDENTIFIER = LuisFelipe.FlickrBrowserTests;
				PRODUCT_NAME = "$(TARGET_NAME)";
				TEST_HOST = "$(BUILT_PRODUCTS_DIR)/FlickrBrowser.app/FlickrBrowser";
			};
			name = Release;
		};
		2AE0B19C1C80C05100E32BBF /* Debug */ = {
			isa = XCBuildConfiguration;
			buildSettings = {
				INFOPLIST_FILE = FlickrBrowserUITests/Info.plist;
				LD_RUNPATH_SEARCH_PATHS = "$(inherited) @executable_path/Frameworks @loader_path/Frameworks";
				PRODUCT_BUNDLE_IDENTIFIER = LuisFelipe.FlickrBrowserUITests;
				PRODUCT_NAME = "$(TARGET_NAME)";
				TEST_TARGET_NAME = FlickrBrowser;
				USES_XCTRUNNER = YES;
			};
			name = Debug;
		};
		2AE0B19D1C80C05100E32BBF /* Release */ = {
			isa = XCBuildConfiguration;
			buildSettings = {
				INFOPLIST_FILE = FlickrBrowserUITests/Info.plist;
				LD_RUNPATH_SEARCH_PATHS = "$(inherited) @executable_path/Frameworks @loader_path/Frameworks";
				PRODUCT_BUNDLE_IDENTIFIER = LuisFelipe.FlickrBrowserUITests;
				PRODUCT_NAME = "$(TARGET_NAME)";
				TEST_TARGET_NAME = FlickrBrowser;
				USES_XCTRUNNER = YES;
			};
			name = Release;
		};
/* End XCBuildConfiguration section */

/* Begin XCConfigurationList section */
		2AE0B1681C80C05100E32BBF /* Build configuration list for PBXProject "FlickrBrowser" */ = {
			isa = XCConfigurationList;
			buildConfigurations = (
				2AE0B1931C80C05100E32BBF /* Debug */,
				2AE0B1941C80C05100E32BBF /* Release */,
			);
			defaultConfigurationIsVisible = 0;
			defaultConfigurationName = Release;
		};
		2AE0B1951C80C05100E32BBF /* Build configuration list for PBXNativeTarget "FlickrBrowser" */ = {
			isa = XCConfigurationList;
			buildConfigurations = (
				2AE0B1961C80C05100E32BBF /* Debug */,
				2AE0B1971C80C05100E32BBF /* Release */,
			);
			defaultConfigurationIsVisible = 0;
			defaultConfigurationName = Release;
		};
		2AE0B1981C80C05100E32BBF /* Build configuration list for PBXNativeTarget "FlickrBrowserTests" */ = {
			isa = XCConfigurationList;
			buildConfigurations = (
				2AE0B1991C80C05100E32BBF /* Debug */,
				2AE0B19A1C80C05100E32BBF /* Release */,
			);
			defaultConfigurationIsVisible = 0;
			defaultConfigurationName = Release;
		};
		2AE0B19B1C80C05100E32BBF /* Build configuration list for PBXNativeTarget "FlickrBrowserUITests" */ = {
			isa = XCConfigurationList;
			buildConfigurations = (
				2AE0B19C1C80C05100E32BBF /* Debug */,
				2AE0B19D1C80C05100E32BBF /* Release */,
			);
			defaultConfigurationIsVisible = 0;
			defaultConfigurationName = Release;
		};
/* End XCConfigurationList section */
	};
	rootObject = 2AE0B1651C80C05100E32BBF /* Project object */;
}
